
Microsoft Visual Studio Solution File, Format Version 12.00
# Visual Studio Version 16
VisualStudioVersion = 16.0.30406.217
MinimumVisualStudioVersion = 10.0.40219.1
Project("{FAE04EC0-301F-11D3-BF4B-00C04F79EFBC}") = "Presentacion", "Presentacion\Presentacion.csproj", "{E12FB2DC-096B-492A-A077-EF6264EABB69}"
EndProject
Project("{FAE04EC0-301F-11D3-BF4B-00C04F79EFBC}") = "Entidades", "Entidades\Entidades.csproj", "{830DC885-3CDB-4AFD-8FA3-31D11891A1EC}"
EndProject
Project("{FAE04EC0-301F-11D3-BF4B-00C04F79EFBC}") = "AccesoDato", "AccesoDato\AccesoDato.csproj", "{C21BB1CF-F7A9-4B3A-A4BC-EFBC0B429422}"
EndProject
Project("{FAE04EC0-301F-11D3-BF4B-00C04F79EFBC}") = "Negocio", "Negocio\Negocio.csproj", "{442684D3-BE89-49CE-B1FC-A69059043EDD}"
EndProject
Global
	GlobalSection(SolutionConfigurationPlatforms) = preSolution
		Debug|Any CPU = Debug|Any CPU
		Debug|Mixed Platforms = Debug|Mixed Platforms
		Debug|x86 = Debug|x86
		Release|Any CPU = Release|Any CPU
		Release|Mixed Platforms = Release|Mixed Platforms
		Release|x86 = Release|x86
	EndGlobalSection
	GlobalSection(ProjectConfigurationPlatforms) = postSolution
		{E12FB2DC-096B-492A-A077-EF6264EABB69}.Debug|Any CPU.ActiveCfg = Debug|x86
		{E12FB2DC-096B-492A-A077-EF6264EABB69}.Debug|Mixed Platforms.ActiveCfg = Debug|x86
		{E12FB2DC-096B-492A-A077-EF6264EABB69}.Debug|Mixed Platforms.Build.0 = Debug|x86
		{E12FB2DC-096B-492A-A077-EF6264EABB69}.Debug|x86.ActiveCfg = Debug|x86
		{E12FB2DC-096B-492A-A077-EF6264EABB69}.Debug|x86.Build.0 = Debug|x86
		{E12FB2DC-096B-492A-A077-EF6264EABB69}.Release|Any CPU.ActiveCfg = Release|x86
		{E12FB2DC-096B-492A-A077-EF6264EABB69}.Release|Mixed Platforms.ActiveCfg = Release|x86
		{E12FB2DC-096B-492A-A077-EF6264EABB69}.Release|Mixed Platforms.Build.0 = Release|x86
		{E12FB2DC-096B-492A-A077-EF6264EABB69}.Release|x86.ActiveCfg = Release|x86
		{E12FB2DC-096B-492A-A077-EF6264EABB69}.Release|x86.Build.0 = Release|x86
		{830DC885-3CDB-4AFD-8FA3-31D11891A1EC}.Debug|Any CPU.ActiveCfg = Debug|Any CPU
		{830DC885-3CDB-4AFD-8FA3-31D11891A1EC}.Debug|Any CPU.Build.0 = Debug|Any CPU
		{830DC885-3CDB-4AFD-8FA3-31D11891A1EC}.Debug|Mixed Platforms.ActiveCfg = Debug|Any CPU
		{830DC885-3CDB-4AFD-8FA3-31D11891A1EC}.Debug|Mixed Platforms.Build.0 = Debug|Any CPU
		{830DC885-3CDB-4AFD-8FA3-31D11891A1EC}.Debug|x86.ActiveCfg = Debug|Any CPU
		{830DC885-3CDB-4AFD-8FA3-31D11891A1EC}.Release|Any CPU.ActiveCfg = Release|Any CPU
		{830DC885-3CDB-4AFD-8FA3-31D11891A1EC}.Release|Any CPU.Build.0 = Release|Any CPU
		{830DC885-3CDB-4AFD-8FA3-31D11891A1EC}.Release|Mixed Platforms.ActiveCfg = Release|Any CPU
		{830DC885-3CDB-4AFD-8FA3-31D11891A1EC}.Release|Mixed Platforms.Build.0 = Release|Any CPU
		{830DC885-3CDB-4AFD-8FA3-31D11891A1EC}.Release|x86.ActiveCfg = Release|Any CPU
		{C21BB1CF-F7A9-4B3A-A4BC-EFBC0B429422}.Debug|Any CPU.ActiveCfg = Debug|Any CPU
		{C21BB1CF-F7A9-4B3A-A4BC-EFBC0B429422}.Debug|Any CPU.Build.0 = Debug|Any CPU
		{C21BB1CF-F7A9-4B3A-A4BC-EFBC0B429422}.Debug|Mixed Platforms.ActiveCfg = Debug|Any CPU
		{C21BB1CF-F7A9-4B3A-A4BC-EFBC0B429422}.Debug|Mixed Platforms.Build.0 = Debug|Any CPU
		{C21BB1CF-F7A9-4B3A-A4BC-EFBC0B429422}.Debug|x86.ActiveCfg = Debug|Any CPU
		{C21BB1CF-F7A9-4B3A-A4BC-EFBC0B429422}.Release|Any CPU.ActiveCfg = Release|Any CPU
		{C21BB1CF-F7A9-4B3A-A4BC-EFBC0B429422}.Release|Any CPU.Build.0 = Release|Any CPU
		{C21BB1CF-F7A9-4B3A-A4BC-EFBC0B429422}.Release|Mixed Platforms.ActiveCfg = Release|Any CPU
		{C21BB1CF-F7A9-4B3A-A4BC-EFBC0B429422}.Release|Mixed Platforms.Build.0 = Release|Any CPU
		{C21BB1CF-F7A9-4B3A-A4BC-EFBC0B429422}.Release|x86.ActiveCfg = Release|Any CPU
		{442684D3-BE89-49CE-B1FC-A69059043EDD}.Debug|Any CPU.ActiveCfg = Debug|Any CPU
		{442684D3-BE89-49CE-B1FC-A69059043EDD}.Debug|Any CPU.Build.0 = Debug|Any CPU
		{442684D3-BE89-49CE-B1FC-A69059043EDD}.Debug|Mixed Platforms.ActiveCfg = Debug|Any CPU
		{442684D3-BE89-49CE-B1FC-A69059043EDD}.Debug|Mixed Platforms.Build.0 = Debug|Any CPU
		{442684D3-BE89-49CE-B1FC-A69059043EDD}.Debug|x86.ActiveCfg = Debug|Any CPU
		{442684D3-BE89-49CE-B1FC-A69059043EDD}.Release|Any CPU.ActiveCfg = Release|Any CPU
		{442684D3-BE89-49CE-B1FC-A69059043EDD}.Release|Any CPU.Build.0 = Release|Any CPU
		{442684D3-BE89-49CE-B1FC-A69059043EDD}.Release|Mixed Platforms.ActiveCfg = Release|Any CPU
		{442684D3-BE89-49CE-B1FC-A69059043EDD}.Release|Mixed Platforms.Build.0 = Release|Any CPU
		{442684D3-BE89-49CE-B1FC-A69059043EDD}.Release|x86.ActiveCfg = Release|Any CPU
	EndGlobalSection
	GlobalSection(SolutionProperties) = preSolution
		HideSolutionNode = FALSE
	EndGlobalSection
	GlobalSection(ExtensibilityGlobals) = postSolution
		VSCustomBkgrdPaint = False
		VSUseSystemFonts = False
		VSSkinToggleButtons = True
		VSSkinFlatStyles = True
		VSTextShadow = True
		VSToolStripStyle = Mixed
		VSTargetControls = FormsAndControls
		VSStyle = Sustenance (Blue).vssf
		SolutionGuid = {B8428B63-4CE2-40FB-BB2B-FE159EAE639C}
	EndGlobalSection
EndGlobal
